
Microsoft Visual Studio Solution File, Format Version 12.00
# Visual Studio Version 18
VisualStudioVersion = 18.0.11201.2 d18.0
MinimumVisualStudioVersion = 10.0.40219.1
Project("{FAE04EC0-301F-11D3-BF4B-00C04F79EFBC}") = "Loop.Application", "Loop.Application\Loop.Application.csproj", "{9CB00CCD-E595-4462-8EF4-E3DC13B4B884}"
EndProject
Project("{FAE04EC0-301F-11D3-BF4B-00C04F79EFBC}") = "Loop.Domain", "Loop.Domain\Loop.Domain.csproj", "{11B91781-ADBB-42EE-B841-BB86384036AC}"
EndProject
Project("{FAE04EC0-301F-11D3-BF4B-00C04F79EFBC}") = "Loop.Infra.Data", "Loop.Infra.Data\Loop.Infra.Data.csproj", "{8099399E-5B15-4BC0-83B4-5CBE40FFFDF2}"
EndProject
Project("{FAE04EC0-301F-11D3-BF4B-00C04F79EFBC}") = "Loop.Infra.IoC", "Loop.Infra.IoC\Loop.Infra.IoC.csproj", "{5825B626-ABCF-4860-8BB7-38DF602243D2}"
EndProject
Project("{FAE04EC0-301F-11D3-BF4B-00C04F79EFBC}") = "Loop.MVC", "Loop.MVC\Loop.MVC.csproj", "{0330E399-DE9A-490C-80D9-D6343381F0C9}"
EndProject
Project("{FAE04EC0-301F-11D3-BF4B-00C04F79EFBC}") = "Loop.Tests", "Loop.Tests\Loop.Tests.csproj", "{27B9FF4D-BEDE-4F67-9E5C-68ED9A1F0582}"
EndProject
Global
	GlobalSection(SolutionConfigurationPlatforms) = preSolution
		Debug|Any CPU = Debug|Any CPU
		Release|Any CPU = Release|Any CPU
	EndGlobalSection
	GlobalSection(ProjectConfigurationPlatforms) = postSolution
		{9CB00CCD-E595-4462-8EF4-E3DC13B4B884}.Debug|Any CPU.ActiveCfg = Debug|Any CPU
		{9CB00CCD-E595-4462-8EF4-E3DC13B4B884}.Debug|Any CPU.Build.0 = Debug|Any CPU
		{9CB00CCD-E595-4462-8EF4-E3DC13B4B884}.Release|Any CPU.ActiveCfg = Release|Any CPU
		{9CB00CCD-E595-4462-8EF4-E3DC13B4B884}.Release|Any CPU.Build.0 = Release|Any CPU
		{11B91781-ADBB-42EE-B841-BB86384036AC}.Debug|Any CPU.ActiveCfg = Debug|Any CPU
		{11B91781-ADBB-42EE-B841-BB86384036AC}.Debug|Any CPU.Build.0 = Debug|Any CPU
		{11B91781-ADBB-42EE-B841-BB86384036AC}.Release|Any CPU.ActiveCfg = Release|Any CPU
		{11B91781-ADBB-42EE-B841-BB86384036AC}.Release|Any CPU.Build.0 = Release|Any CPU
		{8099399E-5B15-4BC0-83B4-5CBE40FFFDF2}.Debug|Any CPU.ActiveCfg = Debug|Any CPU
		{8099399E-5B15-4BC0-83B4-5CBE40FFFDF2}.Debug|Any CPU.Build.0 = Debug|Any CPU
		{8099399E-5B15-4BC0-83B4-5CBE40FFFDF2}.Release|Any CPU.ActiveCfg = Release|Any CPU
		{8099399E-5B15-4BC0-83B4-5CBE40FFFDF2}.Release|Any CPU.Build.0 = Release|Any CPU
		{5825B626-ABCF-4860-8BB7-38DF602243D2}.Debug|Any CPU.ActiveCfg = Debug|Any CPU
		{5825B626-ABCF-4860-8BB7-38DF602243D2}.Debug|Any CPU.Build.0 = Debug|Any CPU
		{5825B626-ABCF-4860-8BB7-38DF602243D2}.Release|Any CPU.ActiveCfg = Release|Any CPU
		{5825B626-ABCF-4860-8BB7-38DF602243D2}.Release|Any CPU.Build.0 = Release|Any CPU
		{0330E399-DE9A-490C-80D9-D6343381F0C9}.Debug|Any CPU.ActiveCfg = Debug|Any CPU
		{0330E399-DE9A-490C-80D9-D6343381F0C9}.Debug|Any CPU.Build.0 = Debug|Any CPU
		{0330E399-DE9A-490C-80D9-D6343381F0C9}.Release|Any CPU.ActiveCfg = Release|Any CPU
		{0330E399-DE9A-490C-80D9-D6343381F0C9}.Release|Any CPU.Build.0 = Release|Any CPU
		{27B9FF4D-BEDE-4F67-9E5C-68ED9A1F0582}.Debug|Any CPU.ActiveCfg = Debug|Any CPU
		{27B9FF4D-BEDE-4F67-9E5C-68ED9A1F0582}.Debug|Any CPU.Build.0 = Debug|Any CPU
		{27B9FF4D-BEDE-4F67-9E5C-68ED9A1F0582}.Release|Any CPU.ActiveCfg = Release|Any CPU
		{27B9FF4D-BEDE-4F67-9E5C-68ED9A1F0582}.Release|Any CPU.Build.0 = Release|Any CPU
	EndGlobalSection
	GlobalSection(SolutionProperties) = preSolution
		HideSolutionNode = FALSE
	EndGlobalSection
	GlobalSection(ExtensibilityGlobals) = postSolution
		SolutionGuid = {CAC2A8C3-F54E-421B-A826-5BDD7C8C170F}
	EndGlobalSection
EndGlobal
